{
  "nodes": {
    "flake-parts": {
      "inputs": {
        "nixpkgs-lib": "nixpkgs-lib"
      },
      "locked": {
        "lastModified": 1743550720,
        "narHash": "sha256-hIshGgKZCgWh6AYJpJmRgFdR3WUbkY04o82X05xqQiY=",
        "owner": "hercules-ci",
        "repo": "flake-parts",
        "rev": "c621e8422220273271f52058f618c94e405bb0f5",
        "type": "github"
      },
      "original": {
        "owner": "hercules-ci",
        "repo": "flake-parts",
        "type": "github"
      }
    },
    "nixpkgs": {
      "locked": {
        "lastModified": 1744932701,
        "narHash": "sha256-fusHbZCyv126cyArUwwKrLdCkgVAIaa/fQJYFlCEqiU=",
        "owner": "NixOS",
        "repo": "nixpkgs",
        "rev": "b024ced1aac25639f8ca8fdfc2f8c4fbd66c48ef",
        "type": "github"
      },
      "original": {
        "owner": "NixOS",
        "ref": "nixos-unstable",
        "repo": "nixpkgs",
        "type": "github"
      }
    },
    "nixpkgs-lib": {
      "locked": {
        "lastModified": 1743296961,
        "narHash": "sha256-b1EdN3cULCqtorQ4QeWgLMrd5ZGOjLSLemfa00heasc=",
        "owner": "nix-community",
        "repo": "nixpkgs.lib",
        "rev": "e4822aea2a6d1cdd36653c134cacfd64c97ff4fa",
        "type": "github"
      },
      "original": {
        "owner": "nix-community",
        "repo": "nixpkgs.lib",
        "type": "github"
      }
    },
    "plugins": {
      "inputs": {
        "flake-parts": [
          "flake-parts"
        ],
        "nixpkgs": [
          "nixpkgs"
        ]
      },
      "locked": {
        "lastModified": 1747597133,
        "narHash": "sha256-7B/l7m79Lsk/+3PswR+zznvvpASeTsXI9CjFT17pvDQ=",
        "ref": "refs/heads/master",
        "rev": "d9221831679a6737faf39761894a85bf09a8ad41",
        "revCount": 12,
        "type": "git",
        "url": "https://codeberg.org/skettisouls/neovim-plugins"
      },
      "original": {
        "type": "git",
        "url": "https://codeberg.org/skettisouls/neovim-plugins"
      }
    },
    "root": {
      "inputs": {
        "flake-parts": "flake-parts",
        "nixpkgs": "nixpkgs",
        "plugins": "plugins",
        "utils": "utils",
        "wrapper-manager": "wrapper-manager"
      }
    },
    "utils": {
      "inputs": {
        "nixpkgs": [
          "nixpkgs"
        ]
      },
      "locked": {
        "lastModified": 1746253915,
        "narHash": "sha256-0TMNRM4VJlYD5qHW/sQPK1lugLx3QUvEajPCIRce+54=",
        "ref": "refs/heads/master",
        "rev": "c9f113646360ce705bf4fde9b14c3a1dfc273064",
        "revCount": 7,
        "type": "git",
        "url": "https://codeberg.org/skettisouls/nix-utils"
      },
      "original": {
        "type": "git",
        "url": "https://codeberg.org/skettisouls/nix-utils"
      }
    },
    "wrapper-manager": {
      "inputs": {
        "nixpkgs": [
          "nixpkgs"
        ]
      },
      "locked": {
        "lastModified": 1744611115,
        "narHash": "sha256-7WsdYgA6bh9dytXdLKQYUkUdSux6fNo7SZXYqMJx72k=",
        "owner": "viperML",
        "repo": "wrapper-manager",
        "rev": "a4990b7da8e7845974031599e7f6104226cfb43e",
        "type": "github"
      },
      "original": {
        "owner": "viperML",
        "repo": "wrapper-manager",
        "type": "github"
      }
    }
  },
  "root": "root",
  "version": 7
}
